// !$*UTF8*$!
{
	archiveVersion = 1;
	classes = {
	};
	objectVersion = 48;
	objects = {

/* Begin PBXBuildFile section */
		52EA7FF829A1E843453DCF5E /* Pods_MVVMarvelTests.framework in Frameworks */ = {isa = PBXBuildFile; fileRef = 746A9B98CD52A2CED4C45A25 /* Pods_MVVMarvelTests.framework */; };
		85D396B37243E0FE62416E09 /* Pods_MVVMarvelUITests.framework in Frameworks */ = {isa = PBXBuildFile; fileRef = 187F3A577FA286970AF1242D /* Pods_MVVMarvelUITests.framework */; };
		A5E0EBCD9FB81F5305E4F0A6 /* Pods_MVVMarvel.framework in Frameworks */ = {isa = PBXBuildFile; fileRef = 87F13EE2AAF58D8BCC1172CF /* Pods_MVVMarvel.framework */; };
		B417CC4B1FF64B6A00D4734E /* Constants.swift in Sources */ = {isa = PBXBuildFile; fileRef = B417CC4A1FF64B6A00D4734E /* Constants.swift */; };
		B4243E731FF29EC300A84D0A /* DataSourceTableView.swift in Sources */ = {isa = PBXBuildFile; fileRef = B4243E721FF29EC300A84D0A /* DataSourceTableView.swift */; };
		B4243E751FF2A01100A84D0A /* HeroTableViewCell.swift in Sources */ = {isa = PBXBuildFile; fileRef = B4243E741FF2A01100A84D0A /* HeroTableViewCell.swift */; };
		B468F78E1FEFB58800B04893 /* AppDelegate.swift in Sources */ = {isa = PBXBuildFile; fileRef = B468F78D1FEFB58800B04893 /* AppDelegate.swift */; };
		B468F7931FEFB58800B04893 /* Main.storyboard in Resources */ = {isa = PBXBuildFile; fileRef = B468F7911FEFB58800B04893 /* Main.storyboard */; };
		B468F7951FEFB58800B04893 /* Assets.xcassets in Resources */ = {isa = PBXBuildFile; fileRef = B468F7941FEFB58800B04893 /* Assets.xcassets */; };
		B468F7981FEFB58800B04893 /* LaunchScreen.storyboard in Resources */ = {isa = PBXBuildFile; fileRef = B468F7961FEFB58800B04893 /* LaunchScreen.storyboard */; };
		B468F7A31FEFB58800B04893 /* MVVMarvelTests.swift in Sources */ = {isa = PBXBuildFile; fileRef = B468F7A21FEFB58800B04893 /* MVVMarvelTests.swift */; };
		B468F7AE1FEFB58800B04893 /* MVVMarvelUITests.swift in Sources */ = {isa = PBXBuildFile; fileRef = B468F7AD1FEFB58800B04893 /* MVVMarvelUITests.swift */; };
		B468F7BC1FEFB5A000B04893 /* Hero.swift in Sources */ = {isa = PBXBuildFile; fileRef = B468F7BB1FEFB5A000B04893 /* Hero.swift */; };
		B468F7BF1FEFB73F00B04893 /* HeroViewModel.swift in Sources */ = {isa = PBXBuildFile; fileRef = B468F7BE1FEFB73F00B04893 /* HeroViewModel.swift */; };
		B468F7C31FEFC43C00B04893 /* HeroesTableTableViewController.swift in Sources */ = {isa = PBXBuildFile; fileRef = B468F7C21FEFC43C00B04893 /* HeroesTableTableViewController.swift */; };
		B468F7C61FEFCDFD00B04893 /* Service.swift in Sources */ = {isa = PBXBuildFile; fileRef = B468F7C51FEFCDFD00B04893 /* Service.swift */; };
		B47957591FF4F1980097B93A /* UIIMageView+Extension.swift in Sources */ = {isa = PBXBuildFile; fileRef = B47957581FF4F1980097B93A /* UIIMageView+Extension.swift */; };
		B479575C1FF4F5F50097B93A /* RoundImageView.swift in Sources */ = {isa = PBXBuildFile; fileRef = B479575B1FF4F5F50097B93A /* RoundImageView.swift */; };
/* End PBXBuildFile section */

/* Begin PBXContainerItemProxy section */
		B468F79F1FEFB58800B04893 /* PBXContainerItemProxy */ = {
			isa = PBXContainerItemProxy;
			containerPortal = B468F7821FEFB58800B04893 /* Project object */;
			proxyType = 1;
			remoteGlobalIDString = B468F7891FEFB58800B04893;
			remoteInfo = MVVMarvel;
		};
		B468F7AA1FEFB58800B04893 /* PBXContainerItemProxy */ = {
			isa = PBXContainerItemProxy;
			containerPortal = B468F7821FEFB58800B04893 /* Project object */;
			proxyType = 1;
			remoteGlobalIDString = B468F7891FEFB58800B04893;
			remoteInfo = MVVMarvel;
		};
/* End PBXContainerItemProxy section */

/* Begin PBXFileReference section */
		0F51871DD71D0263B9A5A8C5 /* Pods-MVVMarvelTests.release.xcconfig */ = {isa = PBXFileReference; includeInIndex = 1; lastKnownFileType = text.xcconfig; name = "Pods-MVVMarvelTests.release.xcconfig"; path = "Pods/Target Support Files/Pods-MVVMarvelTests/Pods-MVVMarvelTests.release.xcconfig"; sourceTree = "<group>"; };
		15BE18B0151C65F265C0BE8D /* Pods-MVVMarvelUITests.release.xcconfig */ = {isa = PBXFileReference; includeInIndex = 1; lastKnownFileType = text.xcconfig; name = "Pods-MVVMarvelUITests.release.xcconfig"; path = "Pods/Target Support Files/Pods-MVVMarvelUITests/Pods-MVVMarvelUITests.release.xcconfig"; sourceTree = "<group>"; };
		187F3A577FA286970AF1242D /* Pods_MVVMarvelUITests.framework */ = {isa = PBXFileReference; explicitFileType = wrapper.framework; includeInIndex = 0; path = Pods_MVVMarvelUITests.framework; sourceTree = BUILT_PRODUCTS_DIR; };
		430F4B38760D1681BB0D97C1 /* Pods-MVVMarvelTests.debug.xcconfig */ = {isa = PBXFileReference; includeInIndex = 1; lastKnownFileType = text.xcconfig; name = "Pods-MVVMarvelTests.debug.xcconfig"; path = "Pods/Target Support Files/Pods-MVVMarvelTests/Pods-MVVMarvelTests.debug.xcconfig"; sourceTree = "<group>"; };
		4E7C776FD8CC59B8EF296CD7 /* Pods-MVVMarvelUITests.debug.xcconfig */ = {isa = PBXFileReference; includeInIndex = 1; lastKnownFileType = text.xcconfig; name = "Pods-MVVMarvelUITests.debug.xcconfig"; path = "Pods/Target Support Files/Pods-MVVMarvelUITests/Pods-MVVMarvelUITests.debug.xcconfig"; sourceTree = "<group>"; };
		746A9B98CD52A2CED4C45A25 /* Pods_MVVMarvelTests.framework */ = {isa = PBXFileReference; explicitFileType = wrapper.framework; includeInIndex = 0; path = Pods_MVVMarvelTests.framework; sourceTree = BUILT_PRODUCTS_DIR; };
		805C36688E0FB1CCEB543E12 /* Pods-MVVMarvel.debug.xcconfig */ = {isa = PBXFileReference; includeInIndex = 1; lastKnownFileType = text.xcconfig; name = "Pods-MVVMarvel.debug.xcconfig"; path = "Pods/Target Support Files/Pods-MVVMarvel/Pods-MVVMarvel.debug.xcconfig"; sourceTree = "<group>"; };
		87F13EE2AAF58D8BCC1172CF /* Pods_MVVMarvel.framework */ = {isa = PBXFileReference; explicitFileType = wrapper.framework; includeInIndex = 0; path = Pods_MVVMarvel.framework; sourceTree = BUILT_PRODUCTS_DIR; };
		B417CC4A1FF64B6A00D4734E /* Constants.swift */ = {isa = PBXFileReference; lastKnownFileType = sourcecode.swift; path = Constants.swift; sourceTree = "<group>"; };
		B4243E721FF29EC300A84D0A /* DataSourceTableView.swift */ = {isa = PBXFileReference; lastKnownFileType = sourcecode.swift; path = DataSourceTableView.swift; sourceTree = "<group>"; };
		B4243E741FF2A01100A84D0A /* HeroTableViewCell.swift */ = {isa = PBXFileReference; lastKnownFileType = sourcecode.swift; path = HeroTableViewCell.swift; sourceTree = "<group>"; };
		B468F78A1FEFB58800B04893 /* MVVMarvel.app */ = {isa = PBXFileReference; explicitFileType = wrapper.application; includeInIndex = 0; path = MVVMarvel.app; sourceTree = BUILT_PRODUCTS_DIR; };
		B468F78D1FEFB58800B04893 /* AppDelegate.swift */ = {isa = PBXFileReference; lastKnownFileType = sourcecode.swift; path = AppDelegate.swift; sourceTree = "<group>"; };
		B468F7921FEFB58800B04893 /* Base */ = {isa = PBXFileReference; lastKnownFileType = file.storyboard; name = Base; path = Base.lproj/Main.storyboard; sourceTree = "<group>"; };
		B468F7941FEFB58800B04893 /* Assets.xcassets */ = {isa = PBXFileReference; lastKnownFileType = folder.assetcatalog; path = Assets.xcassets; sourceTree = "<group>"; };
		B468F7971FEFB58800B04893 /* Base */ = {isa = PBXFileReference; lastKnownFileType = file.storyboard; name = Base; path = Base.lproj/LaunchScreen.storyboard; sourceTree = "<group>"; };
		B468F7991FEFB58800B04893 /* Info.plist */ = {isa = PBXFileReference; lastKnownFileType = text.plist.xml; path = Info.plist; sourceTree = "<group>"; };
		B468F79E1FEFB58800B04893 /* MVVMarvelTests.xctest */ = {isa = PBXFileReference; explicitFileType = wrapper.cfbundle; includeInIndex = 0; path = MVVMarvelTests.xctest; sourceTree = BUILT_PRODUCTS_DIR; };
		B468F7A21FEFB58800B04893 /* MVVMarvelTests.swift */ = {isa = PBXFileReference; lastKnownFileType = sourcecode.swift; path = MVVMarvelTests.swift; sourceTree = "<group>"; };
		B468F7A41FEFB58800B04893 /* Info.plist */ = {isa = PBXFileReference; lastKnownFileType = text.plist.xml; path = Info.plist; sourceTree = "<group>"; };
		B468F7A91FEFB58800B04893 /* MVVMarvelUITests.xctest */ = {isa = PBXFileReference; explicitFileType = wrapper.cfbundle; includeInIndex = 0; path = MVVMarvelUITests.xctest; sourceTree = BUILT_PRODUCTS_DIR; };
		B468F7AD1FEFB58800B04893 /* MVVMarvelUITests.swift */ = {isa = PBXFileReference; lastKnownFileType = sourcecode.swift; path = MVVMarvelUITests.swift; sourceTree = "<group>"; };
		B468F7AF1FEFB58800B04893 /* Info.plist */ = {isa = PBXFileReference; lastKnownFileType = text.plist.xml; path = Info.plist; sourceTree = "<group>"; };
		B468F7BB1FEFB5A000B04893 /* Hero.swift */ = {isa = PBXFileReference; lastKnownFileType = sourcecode.swift; path = Hero.swift; sourceTree = "<group>"; };
		B468F7BE1FEFB73F00B04893 /* HeroViewModel.swift */ = {isa = PBXFileReference; lastKnownFileType = sourcecode.swift; path = HeroViewModel.swift; sourceTree = "<group>"; };
		B468F7C21FEFC43C00B04893 /* HeroesTableTableViewController.swift */ = {isa = PBXFileReference; lastKnownFileType = sourcecode.swift; path = HeroesTableTableViewController.swift; sourceTree = "<group>"; };
		B468F7C51FEFCDFD00B04893 /* Service.swift */ = {isa = PBXFileReference; lastKnownFileType = sourcecode.swift; path = Service.swift; sourceTree = "<group>"; };
		B47957581FF4F1980097B93A /* UIIMageView+Extension.swift */ = {isa = PBXFileReference; lastKnownFileType = sourcecode.swift; path = "UIIMageView+Extension.swift"; sourceTree = "<group>"; };
		B479575B1FF4F5F50097B93A /* RoundImageView.swift */ = {isa = PBXFileReference; lastKnownFileType = sourcecode.swift; path = RoundImageView.swift; sourceTree = "<group>"; };
		E9E3804AD47CB1814F6569C7 /* Pods-MVVMarvel.release.xcconfig */ = {isa = PBXFileReference; includeInIndex = 1; lastKnownFileType = text.xcconfig; name = "Pods-MVVMarvel.release.xcconfig"; path = "Pods/Target Support Files/Pods-MVVMarvel/Pods-MVVMarvel.release.xcconfig"; sourceTree = "<group>"; };
/* End PBXFileReference section */

/* Begin PBXFrameworksBuildPhase section */
		B468F7871FEFB58800B04893 /* Frameworks */ = {
			isa = PBXFrameworksBuildPhase;
			buildActionMask = 2147483647;
			files = (
				A5E0EBCD9FB81F5305E4F0A6 /* Pods_MVVMarvel.framework in Frameworks */,
			);
			runOnlyForDeploymentPostprocessing = 0;
		};
		B468F79B1FEFB58800B04893 /* Frameworks */ = {
			isa = PBXFrameworksBuildPhase;
			buildActionMask = 2147483647;
			files = (
				52EA7FF829A1E843453DCF5E /* Pods_MVVMarvelTests.framework in Frameworks */,
			);
			runOnlyForDeploymentPostprocessing = 0;
		};
		B468F7A61FEFB58800B04893 /* Frameworks */ = {
			isa = PBXFrameworksBuildPhase;
			buildActionMask = 2147483647;
			files = (
				85D396B37243E0FE62416E09 /* Pods_MVVMarvelUITests.framework in Frameworks */,
			);
			runOnlyForDeploymentPostprocessing = 0;
		};
/* End PBXFrameworksBuildPhase section */

/* Begin PBXGroup section */
		93E3D8CAB31D65A6A9192316 /* Frameworks */ = {
			isa = PBXGroup;
			children = (
				87F13EE2AAF58D8BCC1172CF /* Pods_MVVMarvel.framework */,
				746A9B98CD52A2CED4C45A25 /* Pods_MVVMarvelTests.framework */,
				187F3A577FA286970AF1242D /* Pods_MVVMarvelUITests.framework */,
			);
			name = Frameworks;
			sourceTree = "<group>";
		};
		B417CC4C1FF64C2200D4734E /* Constants */ = {
			isa = PBXGroup;
			children = (
				B417CC4A1FF64B6A00D4734E /* Constants.swift */,
			);
			path = Constants;
			sourceTree = "<group>";
		};
		B4243E761FF2A06900A84D0A /* View */ = {
			isa = PBXGroup;
			children = (
				B479575B1FF4F5F50097B93A /* RoundImageView.swift */,
				B468F7911FEFB58800B04893 /* Main.storyboard */,
				B4243E741FF2A01100A84D0A /* HeroTableViewCell.swift */,
			);
			path = View;
			sourceTree = "<group>";
		};
		B468F7811FEFB58800B04893 = {
			isa = PBXGroup;
			children = (
				B468F78C1FEFB58800B04893 /* MVVMarvel */,
				B468F7A11FEFB58800B04893 /* MVVMarvelTests */,
				B468F7AC1FEFB58800B04893 /* MVVMarvelUITests */,
				B468F78B1FEFB58800B04893 /* Products */,
				FFD12C530C8FB1F4EA7C75EF /* Pods */,
				93E3D8CAB31D65A6A9192316 /* Frameworks */,
			);
			sourceTree = "<group>";
		};
		B468F78B1FEFB58800B04893 /* Products */ = {
			isa = PBXGroup;
			children = (
				B468F78A1FEFB58800B04893 /* MVVMarvel.app */,
				B468F79E1FEFB58800B04893 /* MVVMarvelTests.xctest */,
				B468F7A91FEFB58800B04893 /* MVVMarvelUITests.xctest */,
			);
			name = Products;
			sourceTree = "<group>";
		};
		B468F78C1FEFB58800B04893 /* MVVMarvel */ = {
			isa = PBXGroup;
			children = (
				B468F78D1FEFB58800B04893 /* AppDelegate.swift */,
				B468F7C41FEFC44300B04893 /* Controller */,
				B468F7941FEFB58800B04893 /* Assets.xcassets */,
				B468F7961FEFB58800B04893 /* LaunchScreen.storyboard */,
				B468F7991FEFB58800B04893 /* Info.plist */,
				B468F7BD1FEFB72D00B04893 /* Model */,
				B468F7C71FEFCE5000B04893 /* Service */,
				B4243E761FF2A06900A84D0A /* View */,
				B479575A1FF4F1F80097B93A /* Extensions */,
				B417CC4C1FF64C2200D4734E /* Constants */,
			);
			path = MVVMarvel;
			sourceTree = "<group>";
		};
		B468F7A11FEFB58800B04893 /* MVVMarvelTests */ = {
			isa = PBXGroup;
			children = (
				B468F7A21FEFB58800B04893 /* MVVMarvelTests.swift */,
				B468F7A41FEFB58800B04893 /* Info.plist */,
			);
			path = MVVMarvelTests;
			sourceTree = "<group>";
		};
		B468F7AC1FEFB58800B04893 /* MVVMarvelUITests */ = {
			isa = PBXGroup;
			children = (
				B468F7AD1FEFB58800B04893 /* MVVMarvelUITests.swift */,
				B468F7AF1FEFB58800B04893 /* Info.plist */,
			);
			path = MVVMarvelUITests;
			sourceTree = "<group>";
		};
		B468F7BD1FEFB72D00B04893 /* Model */ = {
			isa = PBXGroup;
			children = (
				B468F7BB1FEFB5A000B04893 /* Hero.swift */,
				B468F7BE1FEFB73F00B04893 /* HeroViewModel.swift */,
			);
			path = Model;
			sourceTree = "<group>";
		};
		B468F7C41FEFC44300B04893 /* Controller */ = {
			isa = PBXGroup;
			children = (
				B468F7C21FEFC43C00B04893 /* HeroesTableTableViewController.swift */,
				B4243E721FF29EC300A84D0A /* DataSourceTableView.swift */,
			);
			path = Controller;
			sourceTree = "<group>";
		};
		B468F7C71FEFCE5000B04893 /* Service */ = {
			isa = PBXGroup;
			children = (
				B468F7C51FEFCDFD00B04893 /* Service.swift */,
			);
			path = Service;
			sourceTree = "<group>";
		};
		B479575A1FF4F1F80097B93A /* Extensions */ = {
			isa = PBXGroup;
			children = (
				B47957581FF4F1980097B93A /* UIIMageView+Extension.swift */,
			);
			path = Extensions;
			sourceTree = "<group>";
		};
		FFD12C530C8FB1F4EA7C75EF /* Pods */ = {
			isa = PBXGroup;
			children = (
				805C36688E0FB1CCEB543E12 /* Pods-MVVMarvel.debug.xcconfig */,
				E9E3804AD47CB1814F6569C7 /* Pods-MVVMarvel.release.xcconfig */,
				430F4B38760D1681BB0D97C1 /* Pods-MVVMarvelTests.debug.xcconfig */,
				0F51871DD71D0263B9A5A8C5 /* Pods-MVVMarvelTests.release.xcconfig */,
				4E7C776FD8CC59B8EF296CD7 /* Pods-MVVMarvelUITests.debug.xcconfig */,
				15BE18B0151C65F265C0BE8D /* Pods-MVVMarvelUITests.release.xcconfig */,
			);
			name = Pods;
			sourceTree = "<group>";
		};
/* End PBXGroup section */

/* Begin PBXNativeTarget section */
		B468F7891FEFB58800B04893 /* MVVMarvel */ = {
			isa = PBXNativeTarget;
			buildConfigurationList = B468F7B21FEFB58800B04893 /* Build configuration list for PBXNativeTarget "MVVMarvel" */;
			buildPhases = (
				F51A3A7FE9F036F125C9607F /* [CP] Check Pods Manifest.lock */,
				B468F7861FEFB58800B04893 /* Sources */,
				B468F7871FEFB58800B04893 /* Frameworks */,
				B468F7881FEFB58800B04893 /* Resources */,
				041951AAE0DB70A2ADB6A61F /* [CP] Embed Pods Frameworks */,
				6DEF828859ECF6F515DAA7DB /* [CP] Copy Pods Resources */,
			);
			buildRules = (
			);
			dependencies = (
			);
			name = MVVMarvel;
			productName = MVVMarvel;
			productReference = B468F78A1FEFB58800B04893 /* MVVMarvel.app */;
			productType = "com.apple.product-type.application";
		};
		B468F79D1FEFB58800B04893 /* MVVMarvelTests */ = {
			isa = PBXNativeTarget;
			buildConfigurationList = B468F7B51FEFB58800B04893 /* Build configuration list for PBXNativeTarget "MVVMarvelTests" */;
			buildPhases = (
				EA31522B035F3C6DA81F23D4 /* [CP] Check Pods Manifest.lock */,
				B468F79A1FEFB58800B04893 /* Sources */,
				B468F79B1FEFB58800B04893 /* Frameworks */,
				B468F79C1FEFB58800B04893 /* Resources */,
				26C730F6271217CFA0A98EE5 /* [CP] Embed Pods Frameworks */,
				14251664127E77545F81D807 /* [CP] Copy Pods Resources */,
			);
			buildRules = (
			);
			dependencies = (
				B468F7A01FEFB58800B04893 /* PBXTargetDependency */,
			);
			name = MVVMarvelTests;
			productName = MVVMarvelTests;
			productReference = B468F79E1FEFB58800B04893 /* MVVMarvelTests.xctest */;
			productType = "com.apple.product-type.bundle.unit-test";
		};
		B468F7A81FEFB58800B04893 /* MVVMarvelUITests */ = {
			isa = PBXNativeTarget;
			buildConfigurationList = B468F7B81FEFB58800B04893 /* Build configuration list for PBXNativeTarget "MVVMarvelUITests" */;
			buildPhases = (
				472A18F0DB72ED1F2A71B2AF /* [CP] Check Pods Manifest.lock */,
				B468F7A51FEFB58800B04893 /* Sources */,
				B468F7A61FEFB58800B04893 /* Frameworks */,
				B468F7A71FEFB58800B04893 /* Resources */,
				F449B7B2E783B9383AB11457 /* [CP] Embed Pods Frameworks */,
				9A1F4600B89A9AB08EBFCE5D /* [CP] Copy Pods Resources */,
			);
			buildRules = (
			);
			dependencies = (
				B468F7AB1FEFB58800B04893 /* PBXTargetDependency */,
			);
			name = MVVMarvelUITests;
			productName = MVVMarvelUITests;
			productReference = B468F7A91FEFB58800B04893 /* MVVMarvelUITests.xctest */;
			productType = "com.apple.product-type.bundle.ui-testing";
		};
/* End PBXNativeTarget section */

/* Begin PBXProject section */
		B468F7821FEFB58800B04893 /* Project object */ = {
			isa = PBXProject;
			attributes = {
				LastSwiftUpdateCheck = 0910;
				LastUpgradeCheck = 0910;
				ORGANIZATIONNAME = "Miguel Goñi";
				TargetAttributes = {
					B468F7891FEFB58800B04893 = {
						CreatedOnToolsVersion = 9.1;
						ProvisioningStyle = Automatic;
					};
					B468F79D1FEFB58800B04893 = {
						CreatedOnToolsVersion = 9.1;
						ProvisioningStyle = Automatic;
						TestTargetID = B468F7891FEFB58800B04893;
					};
					B468F7A81FEFB58800B04893 = {
						CreatedOnToolsVersion = 9.1;
						ProvisioningStyle = Automatic;
						TestTargetID = B468F7891FEFB58800B04893;
					};
				};
			};
			buildConfigurationList = B468F7851FEFB58800B04893 /* Build configuration list for PBXProject "MVVMarvel" */;
			compatibilityVersion = "Xcode 8.0";
			developmentRegion = en;
			hasScannedForEncodings = 0;
			knownRegions = (
				en,
				Base,
			);
			mainGroup = B468F7811FEFB58800B04893;
			productRefGroup = B468F78B1FEFB58800B04893 /* Products */;
			projectDirPath = "";
			projectRoot = "";
			targets = (
				B468F7891FEFB58800B04893 /* MVVMarvel */,
				B468F79D1FEFB58800B04893 /* MVVMarvelTests */,
				B468F7A81FEFB58800B04893 /* MVVMarvelUITests */,
			);
		};
/* End PBXProject section */

/* Begin PBXResourcesBuildPhase section */
		B468F7881FEFB58800B04893 /* Resources */ = {
			isa = PBXResourcesBuildPhase;
			buildActionMask = 2147483647;
			files = (
				B468F7981FEFB58800B04893 /* LaunchScreen.storyboard in Resources */,
				B468F7951FEFB58800B04893 /* Assets.xcassets in Resources */,
				B468F7931FEFB58800B04893 /* Main.storyboard in Resources */,
			);
			runOnlyForDeploymentPostprocessing = 0;
		};
		B468F79C1FEFB58800B04893 /* Resources */ = {
			isa = PBXResourcesBuildPhase;
			buildActionMask = 2147483647;
			files = (
			);
			runOnlyForDeploymentPostprocessing = 0;
		};
		B468F7A71FEFB58800B04893 /* Resources */ = {
			isa = PBXResourcesBuildPhase;
			buildActionMask = 2147483647;
			files = (
			);
			runOnlyForDeploymentPostprocessing = 0;
		};
/* End PBXResourcesBuildPhase section */

/* Begin PBXShellScriptBuildPhase section */
		041951AAE0DB70A2ADB6A61F /* [CP] Embed Pods Frameworks */ = {
			isa = PBXShellScriptBuildPhase;
			buildActionMask = 2147483647;
			files = (
			);
			inputPaths = (
				"${SRCROOT}/Pods/Target Support Files/Pods-MVVMarvel/Pods-MVVMarvel-frameworks.sh",
				"${BUILT_PRODUCTS_DIR}/Alamofire/Alamofire.framework",
				"${BUILT_PRODUCTS_DIR}/Differentiator/Differentiator.framework",
				"${BUILT_PRODUCTS_DIR}/RxAlamofire/RxAlamofire.framework",
				"${BUILT_PRODUCTS_DIR}/RxCocoa/RxCocoa.framework",
				"${BUILT_PRODUCTS_DIR}/RxDataSources/RxDataSources.framework",
				"${BUILT_PRODUCTS_DIR}/RxSwift/RxSwift.framework",
			);
			name = "[CP] Embed Pods Frameworks";
			outputPaths = (
				"${TARGET_BUILD_DIR}/${FRAMEWORKS_FOLDER_PATH}/Alamofire.framework",
				"${TARGET_BUILD_DIR}/${FRAMEWORKS_FOLDER_PATH}/Differentiator.framework",
				"${TARGET_BUILD_DIR}/${FRAMEWORKS_FOLDER_PATH}/RxAlamofire.framework",
				"${TARGET_BUILD_DIR}/${FRAMEWORKS_FOLDER_PATH}/RxCocoa.framework",
				"${TARGET_BUILD_DIR}/${FRAMEWORKS_FOLDER_PATH}/RxDataSources.framework",
				"${TARGET_BUILD_DIR}/${FRAMEWORKS_FOLDER_PATH}/RxSwift.framework",
			);
			runOnlyForDeploymentPostprocessing = 0;
			shellPath = /bin/sh;
			shellScript = "\"${SRCROOT}/Pods/Target Support Files/Pods-MVVMarvel/Pods-MVVMarvel-frameworks.sh\"\n";
			showEnvVarsInLog = 0;
		};
		14251664127E77545F81D807 /* [CP] Copy Pods Resources */ = {
			isa = PBXShellScriptBuildPhase;
			buildActionMask = 2147483647;
			files = (
			);
			inputPaths = (
			);
			name = "[CP] Copy Pods Resources";
			outputPaths = (
			);
			runOnlyForDeploymentPostprocessing = 0;
			shellPath = /bin/sh;
			shellScript = "\"${SRCROOT}/Pods/Target Support Files/Pods-MVVMarvelTests/Pods-MVVMarvelTests-resources.sh\"\n";
			showEnvVarsInLog = 0;
		};
		26C730F6271217CFA0A98EE5 /* [CP] Embed Pods Frameworks */ = {
			isa = PBXShellScriptBuildPhase;
			buildActionMask = 2147483647;
			files = (
			);
			inputPaths = (
				"${SRCROOT}/Pods/Target Support Files/Pods-MVVMarvelTests/Pods-MVVMarvelTests-frameworks.sh",
				"${BUILT_PRODUCTS_DIR}/RxSwift/RxSwift.framework",
			);
			name = "[CP] Embed Pods Frameworks";
			outputPaths = (
				"${TARGET_BUILD_DIR}/${FRAMEWORKS_FOLDER_PATH}/RxSwift.framework",
			);
			runOnlyForDeploymentPostprocessing = 0;
			shellPath = /bin/sh;
			shellScript = "\"${SRCROOT}/Pods/Target Support Files/Pods-MVVMarvelTests/Pods-MVVMarvelTests-frameworks.sh\"\n";
			showEnvVarsInLog = 0;
		};
		472A18F0DB72ED1F2A71B2AF /* [CP] Check Pods Manifest.lock */ = {
			isa = PBXShellScriptBuildPhase;
			buildActionMask = 2147483647;
			files = (
			);
			inputPaths = (
				"${PODS_PODFILE_DIR_PATH}/Podfile.lock",
				"${PODS_ROOT}/Manifest.lock",
			);
			name = "[CP] Check Pods Manifest.lock";
			outputPaths = (
				"$(DERIVED_FILE_DIR)/Pods-MVVMarvelUITests-checkManifestLockResult.txt",
			);
			runOnlyForDeploymentPostprocessing = 0;
			shellPath = /bin/sh;
			shellScript = "diff \"${PODS_PODFILE_DIR_PATH}/Podfile.lock\" \"${PODS_ROOT}/Manifest.lock\" > /dev/null\nif [ $? != 0 ] ; then\n    # print error to STDERR\n    echo \"error: The sandbox is not in sync with the Podfile.lock. Run 'pod install' or update your CocoaPods installation.\" >&2\n    exit 1\nfi\n# This output is used by Xcode 'outputs' to avoid re-running this script phase.\necho \"SUCCESS\" > \"${SCRIPT_OUTPUT_FILE_0}\"\n";
			showEnvVarsInLog = 0;
		};
		6DEF828859ECF6F515DAA7DB /* [CP] Copy Pods Resources */ = {
			isa = PBXShellScriptBuildPhase;
			buildActionMask = 2147483647;
			files = (
			);
			inputPaths = (
			);
			name = "[CP] Copy Pods Resources";
			outputPaths = (
			);
			runOnlyForDeploymentPostprocessing = 0;
			shellPath = /bin/sh;
			shellScript = "\"${SRCROOT}/Pods/Target Support Files/Pods-MVVMarvel/Pods-MVVMarvel-resources.sh\"\n";
			showEnvVarsInLog = 0;
		};
		9A1F4600B89A9AB08EBFCE5D /* [CP] Copy Pods Resources */ = {
			isa = PBXShellScriptBuildPhase;
			buildActionMask = 2147483647;
			files = (
			);
			inputPaths = (
			);
			name = "[CP] Copy Pods Resources";
			outputPaths = (
			);
			runOnlyForDeploymentPostprocessing = 0;
			shellPath = /bin/sh;
			shellScript = "\"${SRCROOT}/Pods/Target Support Files/Pods-MVVMarvelUITests/Pods-MVVMarvelUITests-resources.sh\"\n";
			showEnvVarsInLog = 0;
		};
		EA31522B035F3C6DA81F23D4 /* [CP] Check Pods Manifest.lock */ = {
			isa = PBXShellScriptBuildPhase;
			buildActionMask = 2147483647;
			files = (
			);
			inputPaths = (
				"${PODS_PODFILE_DIR_PATH}/Podfile.lock",
				"${PODS_ROOT}/Manifest.lock",
			);
			name = "[CP] Check Pods Manifest.lock";
			outputPaths = (
				"$(DERIVED_FILE_DIR)/Pods-MVVMarvelTests-checkManifestLockResult.txt",
			);
			runOnlyForDeploymentPostprocessing = 0;
			shellPath = /bin/sh;
			shellScript = "diff \"${PODS_PODFILE_DIR_PATH}/Podfile.lock\" \"${PODS_ROOT}/Manifest.lock\" > /dev/null\nif [ $? != 0 ] ; then\n    # print error to STDERR\n    echo \"error: The sandbox is not in sync with the Podfile.lock. Run 'pod install' or update your CocoaPods installation.\" >&2\n    exit 1\nfi\n# This output is used by Xcode 'outputs' to avoid re-running this script phase.\necho \"SUCCESS\" > \"${SCRIPT_OUTPUT_FILE_0}\"\n";
			showEnvVarsInLog = 0;
		};
		F449B7B2E783B9383AB11457 /* [CP] Embed Pods Frameworks */ = {
			isa = PBXShellScriptBuildPhase;
			buildActionMask = 2147483647;
			files = (
			);
			inputPaths = (
			);
			name = "[CP] Embed Pods Frameworks";
			outputPaths = (
			);
			runOnlyForDeploymentPostprocessing = 0;
			shellPath = /bin/sh;
			shellScript = "\"${SRCROOT}/Pods/Target Support Files/Pods-MVVMarvelUITests/Pods-MVVMarvelUITests-frameworks.sh\"\n";
			showEnvVarsInLog = 0;
		};
		F51A3A7FE9F036F125C9607F /* [CP] Check Pods Manifest.lock */ = {
			isa = PBXShellScriptBuildPhase;
			buildActionMask = 2147483647;
			files = (
			);
			inputPaths = (
				"${PODS_PODFILE_DIR_PATH}/Podfile.lock",
				"${PODS_ROOT}/Manifest.lock",
			);
			name = "[CP] Check Pods Manifest.lock";
			outputPaths = (
				"$(DERIVED_FILE_DIR)/Pods-MVVMarvel-checkManifestLockResult.txt",
			);
			runOnlyForDeploymentPostprocessing = 0;
			shellPath = /bin/sh;
			shellScript = "diff \"${PODS_PODFILE_DIR_PATH}/Podfile.lock\" \"${PODS_ROOT}/Manifest.lock\" > /dev/null\nif [ $? != 0 ] ; then\n    # print error to STDERR\n    echo \"error: The sandbox is not in sync with the Podfile.lock. Run 'pod install' or update your CocoaPods installation.\" >&2\n    exit 1\nfi\n# This output is used by Xcode 'outputs' to avoid re-running this script phase.\necho \"SUCCESS\" > \"${SCRIPT_OUTPUT_FILE_0}\"\n";
			showEnvVarsInLog = 0;
		};
/* End PBXShellScriptBuildPhase section */

/* Begin PBXSourcesBuildPhase section */
		B468F7861FEFB58800B04893 /* Sources */ = {
			isa = PBXSourcesBuildPhase;
			buildActionMask = 2147483647;
			files = (
				B479575C1FF4F5F50097B93A /* RoundImageView.swift in Sources */,
				B468F7C31FEFC43C00B04893 /* HeroesTableTableViewController.swift in Sources */,
				B468F7BF1FEFB73F00B04893 /* HeroViewModel.swift in Sources */,
				B47957591FF4F1980097B93A /* UIIMageView+Extension.swift in Sources */,
				B468F7C61FEFCDFD00B04893 /* Service.swift in Sources */,
				B417CC4B1FF64B6A00D4734E /* Constants.swift in Sources */,
				B468F7BC1FEFB5A000B04893 /* Hero.swift in Sources */,
				B4243E731FF29EC300A84D0A /* DataSourceTableView.swift in Sources */,
				B4243E751FF2A01100A84D0A /* HeroTableViewCell.swift in Sources */,
				B468F78E1FEFB58800B04893 /* AppDelegate.swift in Sources */,
			);
			runOnlyForDeploymentPostprocessing = 0;
		};
		B468F79A1FEFB58800B04893 /* Sources */ = {
			isa = PBXSourcesBuildPhase;
			buildActionMask = 2147483647;
			files = (
				B468F7A31FEFB58800B04893 /* MVVMarvelTests.swift in Sources */,
			);
			runOnlyForDeploymentPostprocessing = 0;
		};
		B468F7A51FEFB58800B04893 /* Sources */ = {
			isa = PBXSourcesBuildPhase;
			buildActionMask = 2147483647;
			files = (
				B468F7AE1FEFB58800B04893 /* MVVMarvelUITests.swift in Sources */,
			);
			runOnlyForDeploymentPostprocessing = 0;
		};
/* End PBXSourcesBuildPhase section */

/* Begin PBXTargetDependency section */
		B468F7A01FEFB58800B04893 /* PBXTargetDependency */ = {
			isa = PBXTargetDependency;
			target = B468F7891FEFB58800B04893 /* MVVMarvel */;
			targetProxy = B468F79F1FEFB58800B04893 /* PBXContainerItemProxy */;
		};
		B468F7AB1FEFB58800B04893 /* PBXTargetDependency */ = {
			isa = PBXTargetDependency;
			target = B468F7891FEFB58800B04893 /* MVVMarvel */;
			targetProxy = B468F7AA1FEFB58800B04893 /* PBXContainerItemProxy */;
		};
/* End PBXTargetDependency section */

/* Begin PBXVariantGroup section */
		B468F7911FEFB58800B04893 /* Main.storyboard */ = {
			isa = PBXVariantGroup;
			children = (
				B468F7921FEFB58800B04893 /* Base */,
			);
			name = Main.storyboard;
			sourceTree = "<group>";
		};
		B468F7961FEFB58800B04893 /* LaunchScreen.storyboard */ = {
			isa = PBXVariantGroup;
			children = (
				B468F7971FEFB58800B04893 /* Base */,
			);
			name = LaunchScreen.storyboard;
			sourceTree = "<group>";
		};
/* End PBXVariantGroup section */

/* Begin XCBuildConfiguration section */
		B468F7B01FEFB58800B04893 /* Debug */ = {
			isa = XCBuildConfiguration;
			buildSettings = {
				ALWAYS_SEARCH_USER_PATHS = NO;
				CLANG_ANALYZER_NONNULL = YES;
				CLANG_ANALYZER_NUMBER_OBJECT_CONVERSION = YES_AGGRESSIVE;
				CLANG_CXX_LANGUAGE_STANDARD = "gnu++14";
				CLANG_CXX_LIBRARY = "libc++";
				CLANG_ENABLE_MODULES = YES;
				CLANG_ENABLE_OBJC_ARC = YES;
				CLANG_WARN_BLOCK_CAPTURE_AUTORELEASING = YES;
				CLANG_WARN_BOOL_CONVERSION = YES;
				CLANG_WARN_COMMA = YES;
				CLANG_WARN_CONSTANT_CONVERSION = YES;
				CLANG_WARN_DIRECT_OBJC_ISA_USAGE = YES_ERROR;
				CLANG_WARN_DOCUMENTATION_COMMENTS = YES;
				CLANG_WARN_EMPTY_BODY = YES;
				CLANG_WARN_ENUM_CONVERSION = YES;
				CLANG_WARN_INFINITE_RECURSION = YES;
				CLANG_WARN_INT_CONVERSION = YES;
				CLANG_WARN_NON_LITERAL_NULL_CONVERSION = YES;
				CLANG_WARN_OBJC_LITERAL_CONVERSION = YES;
				CLANG_WARN_OBJC_ROOT_CLASS = YES_ERROR;
				CLANG_WARN_RANGE_LOOP_ANALYSIS = YES;
				CLANG_WARN_STRICT_PROTOTYPES = YES;
				CLANG_WARN_SUSPICIOUS_MOVE = YES;
				CLANG_WARN_UNGUARDED_AVAILABILITY = YES_AGGRESSIVE;
				CLANG_WARN_UNREACHABLE_CODE = YES;
				CLANG_WARN__DUPLICATE_METHOD_MATCH = YES;
				CODE_SIGN_IDENTITY = "iPhone Developer";
				COPY_PHASE_STRIP = NO;
				DEBUG_INFORMATION_FORMAT = dwarf;
				ENABLE_STRICT_OBJC_MSGSEND = YES;
				ENABLE_TESTABILITY = YES;
				GCC_C_LANGUAGE_STANDARD = gnu11;
				GCC_DYNAMIC_NO_PIC = NO;
				GCC_NO_COMMON_BLOCKS = YES;
				GCC_OPTIMIZATION_LEVEL = 0;
				GCC_PREPROCESSOR_DEFINITIONS = (
					"DEBUG=1",
					"$(inherited)",
				);
				GCC_WARN_64_TO_32_BIT_CONVERSION = YES;
				GCC_WARN_ABOUT_RETURN_TYPE = YES_ERROR;
				GCC_WARN_UNDECLARED_SELECTOR = YES;
				GCC_WARN_UNINITIALIZED_AUTOS = YES_AGGRESSIVE;
				GCC_WARN_UNUSED_FUNCTION = YES;
				GCC_WARN_UNUSED_VARIABLE = YES;
				IPHONEOS_DEPLOYMENT_TARGET = 11.1;
				MTL_ENABLE_DEBUG_INFO = YES;
				ONLY_ACTIVE_ARCH = YES;
				SDKROOT = iphoneos;
				SWIFT_ACTIVE_COMPILATION_CONDITIONS = DEBUG;
				SWIFT_OPTIMIZATION_LEVEL = "-Onone";
			};
			name = Debug;
		};
		B468F7B11FEFB58800B04893 /* Release */ = {
			isa = XCBuildConfiguration;
			buildSettings = {
				ALWAYS_SEARCH_USER_PATHS = NO;
				CLANG_ANALYZER_NONNULL = YES;
				CLANG_ANALYZER_NUMBER_OBJECT_CONVERSION = YES_AGGRESSIVE;
				CLANG_CXX_LANGUAGE_STANDARD = "gnu++14";
				CLANG_CXX_LIBRARY = "libc++";
				CLANG_ENABLE_MODULES = YES;
				CLANG_ENABLE_OBJC_ARC = YES;
				CLANG_WARN_BLOCK_CAPTURE_AUTORELEASING = YES;
				CLANG_WARN_BOOL_CONVERSION = YES;
				CLANG_WARN_COMMA = YES;
				CLANG_WARN_CONSTANT_CONVERSION = YES;
				CLANG_WARN_DIRECT_OBJC_ISA_USAGE = YES_ERROR;
				CLANG_WARN_DOCUMENTATION_COMMENTS = YES;
				CLANG_WARN_EMPTY_BODY = YES;
				CLANG_WARN_ENUM_CONVERSION = YES;
				CLANG_WARN_INFINITE_RECURSION = YES;
				CLANG_WARN_INT_CONVERSION = YES;
				CLANG_WARN_NON_LITERAL_NULL_CONVERSION = YES;
				CLANG_WARN_OBJC_LITERAL_CONVERSION = YES;
				CLANG_WARN_OBJC_ROOT_CLASS = YES_ERROR;
				CLANG_WARN_RANGE_LOOP_ANALYSIS = YES;
				CLANG_WARN_STRICT_PROTOTYPES = YES;
				CLANG_WARN_SUSPICIOUS_MOVE = YES;
				CLANG_WARN_UNGUARDED_AVAILABILITY = YES_AGGRESSIVE;
				CLANG_WARN_UNREACHABLE_CODE = YES;
				CLANG_WARN__DUPLICATE_METHOD_MATCH = YES;
				CODE_SIGN_IDENTITY = "iPhone Developer";
				COPY_PHASE_STRIP = NO;
				DEBUG_INFORMATION_FORMAT = "dwarf-with-dsym";
				ENABLE_NS_ASSERTIONS = NO;
				ENABLE_STRICT_OBJC_MSGSEND = YES;
				GCC_C_LANGUAGE_STANDARD = gnu11;
				GCC_NO_COMMON_BLOCKS = YES;
				GCC_WARN_64_TO_32_BIT_CONVERSION = YES;
				GCC_WARN_ABOUT_RETURN_TYPE = YES_ERROR;
				GCC_WARN_UNDECLARED_SELECTOR = YES;
				GCC_WARN_UNINITIALIZED_AUTOS = YES_AGGRESSIVE;
				GCC_WARN_UNUSED_FUNCTION = YES;
				GCC_WARN_UNUSED_VARIABLE = YES;
				IPHONEOS_DEPLOYMENT_TARGET = 11.1;
				MTL_ENABLE_DEBUG_INFO = NO;
				SDKROOT = iphoneos;
				SWIFT_OPTIMIZATION_LEVEL = "-Owholemodule";
				VALIDATE_PRODUCT = YES;
			};
			name = Release;
		};
		B468F7B31FEFB58800B04893 /* Debug */ = {
			isa = XCBuildConfiguration;
			baseConfigurationReference = 805C36688E0FB1CCEB543E12 /* Pods-MVVMarvel.debug.xcconfig */;
			buildSettings = {
				ASSETCATALOG_COMPILER_APPICON_NAME = AppIcon;
				CODE_SIGN_STYLE = Automatic;
				DEVELOPMENT_TEAM = XE7T8479F3;
				INFOPLIST_FILE = MVVMarvel/Info.plist;
				LD_RUNPATH_SEARCH_PATHS = "$(inherited) @executable_path/Frameworks";
				PRODUCT_BUNDLE_IDENTIFIER = mgi.binding.com.MVVMarvel;
				PRODUCT_NAME = "$(TARGET_NAME)";
				SWIFT_VERSION = 4.0;
				TARGETED_DEVICE_FAMILY = "1,2";
			};
			name = Debug;
		};
		B468F7B41FEFB58800B04893 /* Release */ = {
			isa = XCBuildConfiguration;
			baseConfigurationReference = E9E3804AD47CB1814F6569C7 /* Pods-MVVMarvel.release.xcconfig */;
			buildSettings = {
				ASSETCATALOG_COMPILER_APPICON_NAME = AppIcon;
				CODE_SIGN_STYLE = Automatic;
				DEVELOPMENT_TEAM = XE7T8479F3;
				INFOPLIST_FILE = MVVMarvel/Info.plist;
				LD_RUNPATH_SEARCH_PATHS = "$(inherited) @executable_path/Frameworks";
				PRODUCT_BUNDLE_IDENTIFIER = mgi.binding.com.MVVMarvel;
				PRODUCT_NAME = "$(TARGET_NAME)";
				SWIFT_VERSION = 4.0;
				TARGETED_DEVICE_FAMILY = "1,2";
			};
			name = Release;
		};
		B468F7B61FEFB58800B04893 /* Debug */ = {
			isa = XCBuildConfiguration;
			baseConfigurationReference = 430F4B38760D1681BB0D97C1 /* Pods-MVVMarvelTests.debug.xcconfig */;
			buildSettings = {
				ALWAYS_EMBED_SWIFT_STANDARD_LIBRARIES = YES;
				BUNDLE_LOADER = "$(TEST_HOST)";
				CODE_SIGN_STYLE = Automatic;
				DEVELOPMENT_TEAM = XE7T8479F3;
				INFOPLIST_FILE = MVVMarvelTests/Info.plist;
				LD_RUNPATH_SEARCH_PATHS = "$(inherited) @executable_path/Frameworks @loader_path/Frameworks";
				PRODUCT_BUNDLE_IDENTIFIER = mgi.binding.com.MVVMarvelTests;
				PRODUCT_NAME = "$(TARGET_NAME)";
				SWIFT_VERSION = 4.0;
				TARGETED_DEVICE_FAMILY = "1,2";
				TEST_HOST = "$(BUILT_PRODUCTS_DIR)/MVVMarvel.app/MVVMarvel";
			};
			name = Debug;
		};
		B468F7B71FEFB58800B04893 /* Release */ = {
			isa = XCBuildConfiguration;
			baseConfigurationReference = 0F51871DD71D0263B9A5A8C5 /* Pods-MVVMarvelTests.release.xcconfig */;
			buildSettings = {
				ALWAYS_EMBED_SWIFT_STANDARD_LIBRARIES = YES;
				BUNDLE_LOADER = "$(TEST_HOST)";
				CODE_SIGN_STYLE = Automatic;
				DEVELOPMENT_TEAM = XE7T8479F3;
				INFOPLIST_FILE = MVVMarvelTests/Info.plist;
				LD_RUNPATH_SEARCH_PATHS = "$(inherited) @executable_path/Frameworks @loader_path/Frameworks";
				PRODUCT_BUNDLE_IDENTIFIER = mgi.binding.com.MVVMarvelTests;
				PRODUCT_NAME = "$(TARGET_NAME)";
				SWIFT_VERSION = 4.0;
				TARGETED_DEVICE_FAMILY = "1,2";
				TEST_HOST = "$(BUILT_PRODUCTS_DIR)/MVVMarvel.app/MVVMarvel";
			};
			name = Release;
		};
		B468F7B91FEFB58800B04893 /* Debug */ = {
			isa = XCBuildConfiguration;
			baseConfigurationReference = 4E7C776FD8CC59B8EF296CD7 /* Pods-MVVMarvelUITests.debug.xcconfig */;
			buildSettings = {
				ALWAYS_EMBED_SWIFT_STANDARD_LIBRARIES = YES;
				CODE_SIGN_STYLE = Automatic;
				DEVELOPMENT_TEAM = XE7T8479F3;
				INFOPLIST_FILE = MVVMarvelUITests/Info.plist;
				LD_RUNPATH_SEARCH_PATHS = "$(inherited) @executable_path/Frameworks @loader_path/Frameworks";
				PRODUCT_BUNDLE_IDENTIFIER = mgi.binding.com.MVVMarvelUITests;
				PRODUCT_NAME = "$(TARGET_NAME)";
				SWIFT_VERSION = 4.0;
				TARGETED_DEVICE_FAMILY = "1,2";
				TEST_TARGET_NAME = MVVMarvel;
			};
			name = Debug;
		};
		B468F7BA1FEFB58800B04893 /* Release */ = {
			isa = XCBuildConfiguration;
			baseConfigurationReference = 15BE18B0151C65F265C0BE8D /* Pods-MVVMarvelUITests.release.xcconfig */;
			buildSettings = {
				ALWAYS_EMBED_SWIFT_STANDARD_LIBRARIES = YES;
				CODE_SIGN_STYLE = Automatic;
				DEVELOPMENT_TEAM = XE7T8479F3;
				INFOPLIST_FILE = MVVMarvelUITests/Info.plist;
				LD_RUNPATH_SEARCH_PATHS = "$(inherited) @executable_path/Frameworks @loader_path/Frameworks";
				PRODUCT_BUNDLE_IDENTIFIER = mgi.binding.com.MVVMarvelUITests;
				PRODUCT_NAME = "$(TARGET_NAME)";
				SWIFT_VERSION = 4.0;
				TARGETED_DEVICE_FAMILY = "1,2";
				TEST_TARGET_NAME = MVVMarvel;
			};
			name = Release;
		};
/* End XCBuildConfiguration section */

/* Begin XCConfigurationList section */
		B468F7851FEFB58800B04893 /* Build configuration list for PBXProject "MVVMarvel" */ = {
			isa = XCConfigurationList;
			buildConfigurations = (
				B468F7B01FEFB58800B04893 /* Debug */,
				B468F7B11FEFB58800B04893 /* Release */,
			);
			defaultConfigurationIsVisible = 0;
			defaultConfigurationName = Release;
		};
		B468F7B21FEFB58800B04893 /* Build configuration list for PBXNativeTarget "MVVMarvel" */ = {
			isa = XCConfigurationList;
			buildConfigurations = (
				B468F7B31FEFB58800B04893 /* Debug */,
				B468F7B41FEFB58800B04893 /* Release */,
			);
			defaultConfigurationIsVisible = 0;
			defaultConfigurationName = Release;
		};
		B468F7B51FEFB58800B04893 /* Build configuration list for PBXNativeTarget "MVVMarvelTests" */ = {
			isa = XCConfigurationList;
			buildConfigurations = (
				B468F7B61FEFB58800B04893 /* Debug */,
				B468F7B71FEFB58800B04893 /* Release */,
			);
			defaultConfigurationIsVisible = 0;
			defaultConfigurationName = Release;
		};
		B468F7B81FEFB58800B04893 /* Build configuration list for PBXNativeTarget "MVVMarvelUITests" */ = {
			isa = XCConfigurationList;
			buildConfigurations = (
				B468F7B91FEFB58800B04893 /* Debug */,
				B468F7BA1FEFB58800B04893 /* Release */,
			);
			defaultConfigurationIsVisible = 0;
			defaultConfigurationName = Release;
		};
/* End XCConfigurationList section */
	};
	rootObject = B468F7821FEFB58800B04893 /* Project object */;
}
